{
  "name": "landscaping",
  "version": "1.0.0",
  "lockfileVersion": 2,
  "requires": true,
  "packages": {
    "": {
      "name": "landscaping",
      "version": "1.0.0",
      "license": "ISC",
      "dependencies": {
        "axios": "^1.1.3",
        "cheerio": "^1.0.0-rc.12",
        "pretty": "^2.0.0"
      }
    },
    "node_modules/abbrev": {
      "version": "1.1.1",
      "resolved": "https://artifactory.spectrumtoolbox.com/artifactory/api/npm/npm/abbrev/-/abbrev-1.1.1.tgz",
      "integrity": "sha1-+PLIh60Qv2f2NPAFtph/7TF5qsg=",
      "license": "ISC"
    },
    "node_modules/asynckit": {
      "version": "0.4.0",
      "resolved": "https://artifactory.spectrumtoolbox.com/artifactory/api/npm/npm/asynckit/-/asynckit-0.4.0.tgz",
      "integrity": "sha1-x57Zf380y48robyXkLzDZkdLS3k=",
      "license": "MIT"
    },
    "node_modules/axios": {
      "version": "1.1.3",
      "resolved": "https://artifactory.spectrumtoolbox.com/artifactory/api/npm/npm/axios/-/axios-1.1.3.tgz",
      "integrity": "sha1-gnQlDa2i7fU4FO19tkS5woZsHjU=",
      "license": "MIT",
      "dependencies": {
        "follow-redirects": "^1.15.0",
        "form-data": "^4.0.0",
        "proxy-from-env": "^1.1.0"
      }
    },
    "node_modules/balanced-match": {
      "version": "1.0.2",
      "resolved": "https://artifactory.spectrumtoolbox.com/artifactory/api/npm/npm/balanced-match/-/balanced-match-1.0.2.tgz",
      "integrity": "sha1-6D46fj8wCzTLnYf2FfoMvzV2kO4=",
      "license": "MIT"
    },
    "node_modules/boolbase": {
      "version": "1.0.0",
      "resolved": "https://artifactory.spectrumtoolbox.com/artifactory/api/npm/npm/boolbase/-/boolbase-1.0.0.tgz",
      "integrity": "sha1-aN/1++YMUes3cl6p4+0xDcwed24=",
      "license": "ISC"
    },
    "node_modules/brace-expansion": {
      "version": "2.0.1",
      "resolved": "https://artifactory.spectrumtoolbox.com/artifactory/api/npm/npm/brace-expansion/-/brace-expansion-2.0.1.tgz",
      "integrity": "sha1-HtxFng8MVISG7Pn8mfIiE2S5oK4=",
      "license": "MIT",
      "dependencies": {
        "balanced-match": "^1.0.0"
      }
    },
    "node_modules/cheerio": {
      "version": "1.0.0-rc.12",
      "resolved": "https://artifactory.spectrumtoolbox.com/artifactory/api/npm/npm/cheerio/-/cheerio-1.0.0-rc.12.tgz",
      "integrity": "sha1-eIv3RmUGsca/X65R0kosTWLkdoM=",
      "license": "MIT",
      "dependencies": {
        "cheerio-select": "^2.1.0",
        "dom-serializer": "^2.0.0",
        "domhandler": "^5.0.3",
        "domutils": "^3.0.1",
        "htmlparser2": "^8.0.1",
        "parse5": "^7.0.0",
        "parse5-htmlparser2-tree-adapter": "^7.0.0"
      },
      "engines": {
        "node": ">= 6"
      },
      "funding": {
        "url": "https://github.com/cheeriojs/cheerio?sponsor=1"
      }
    },
    "node_modules/cheerio-select": {
      "version": "2.1.0",
      "resolved": "https://artifactory.spectrumtoolbox.com/artifactory/api/npm/npm/cheerio-select/-/cheerio-select-2.1.0.tgz",
      "integrity": "sha1-TYZzKGuBJsoqjkJ0DV48SISuIbQ=",
      "license": "BSD-2-Clause",
      "dependencies": {
        "boolbase": "^1.0.0",
        "css-select": "^5.1.0",
        "css-what": "^6.1.0",
        "domelementtype": "^2.3.0",
        "domhandler": "^5.0.3",
        "domutils": "^3.0.1"
      },
      "funding": {
        "url": "https://github.com/sponsors/fb55"
      }
    },
    "node_modules/combined-stream": {
      "version": "1.0.8",
      "resolved": "https://artifactory.spectrumtoolbox.com/artifactory/api/npm/npm/combined-stream/-/combined-stream-1.0.8.tgz",
      "integrity": "sha1-w9RaizT9cwYxoRCoolIGgrMdWn8=",
      "license": "MIT",
      "dependencies": {
        "delayed-stream": "~1.0.0"
      },
      "engines": {
        "node": ">= 0.8"
      }
    },
    "node_modules/commander": {
      "version": "2.20.3",
      "resolved": "https://artifactory.spectrumtoolbox.com/artifactory/api/npm/npm/commander/-/commander-2.20.3.tgz",
      "integrity": "sha1-/UhehMA+tIgcIHIrpIA16FMa6zM=",
      "license": "MIT"
    },
    "node_modules/condense-newlines": {
      "version": "0.2.1",
      "resolved": "https://artifactory.spectrumtoolbox.com/artifactory/api/npm/npm/condense-newlines/-/condense-newlines-0.2.1.tgz",
      "integrity": "sha1-PemFVTE5R10yUCyDsC9gaE0kxV8=",
      "license": "MIT",
      "dependencies": {
        "extend-shallow": "^2.0.1",
        "is-whitespace": "^0.3.0",
        "kind-of": "^3.0.2"
      },
      "engines": {
        "node": ">=0.10.0"
      }
    },
    "node_modules/config-chain": {
      "version": "1.1.13",
      "resolved": "https://artifactory.spectrumtoolbox.com/artifactory/api/npm/npm/config-chain/-/config-chain-1.1.13.tgz",
      "integrity": "sha1-+tB5Wqamza/57Rto6d/5Q3LCMvQ=",
      "license": "MIT",
      "dependencies": {
        "ini": "^1.3.4",
        "proto-list": "~1.2.1"
      }
    },
    "node_modules/css-select": {
      "version": "5.1.0",
      "resolved": "https://artifactory.spectrumtoolbox.com/artifactory/api/npm/npm/css-select/-/css-select-5.1.0.tgz",
      "integrity": "sha1-uOvWVUw2N8zHZoiAStP2pv2uqKY=",
      "license": "BSD-2-Clause",
      "dependencies": {
        "boolbase": "^1.0.0",
        "css-what": "^6.1.0",
        "domhandler": "^5.0.2",
        "domutils": "^3.0.1",
        "nth-check": "^2.0.1"
      },
      "funding": {
        "url": "https://github.com/sponsors/fb55"
      }
    },
    "node_modules/css-what": {
      "version": "6.1.0",
      "resolved": "https://artifactory.spectrumtoolbox.com/artifactory/api/npm/npm/css-what/-/css-what-6.1.0.tgz",
      "integrity": "sha1-+17/z3bx3eosgb36pN5E55uscPQ=",
      "license": "BSD-2-Clause",
      "engines": {
        "node": ">= 6"
      },
      "funding": {
        "url": "https://github.com/sponsors/fb55"
      }
    },
    "node_modules/delayed-stream": {
      "version": "1.0.0",
      "resolved": "https://artifactory.spectrumtoolbox.com/artifactory/api/npm/npm/delayed-stream/-/delayed-stream-1.0.0.tgz",
      "integrity": "sha1-3zrhmayt+31ECqrgsp4icrJOxhk=",
      "license": "MIT",
      "engines": {
        "node": ">=0.4.0"
      }
    },
    "node_modules/dom-serializer": {
      "version": "2.0.0",
      "resolved": "https://artifactory.spectrumtoolbox.com/artifactory/api/npm/npm/dom-serializer/-/dom-serializer-2.0.0.tgz",
      "integrity": "sha1-5BuALh7t+fbK4YPOXmIteJ19jlM=",
      "license": "MIT",
      "dependencies": {
        "domelementtype": "^2.3.0",
        "domhandler": "^5.0.2",
        "entities": "^4.2.0"
      },
      "funding": {
        "url": "https://github.com/cheeriojs/dom-serializer?sponsor=1"
      }
    },
    "node_modules/domelementtype": {
      "version": "2.3.0",
      "resolved": "https://artifactory.spectrumtoolbox.com/artifactory/api/npm/npm/domelementtype/-/domelementtype-2.3.0.tgz",
      "integrity": "sha1-XEXo6GmVJiYzHXqrMm0B2vZdWJ0=",
      "funding": [
        {
          "type": "github",
          "url": "https://github.com/sponsors/fb55"
        }
      ],
      "license": "BSD-2-Clause"
    },
    "node_modules/domhandler": {
      "version": "5.0.3",
      "resolved": "https://artifactory.spectrumtoolbox.com/artifactory/api/npm/npm/domhandler/-/domhandler-5.0.3.tgz",
      "integrity": "sha1-zDhff3UfHR/GUMITdIBCVFOMfTE=",
      "license": "BSD-2-Clause",
      "dependencies": {
        "domelementtype": "^2.3.0"
      },
      "engines": {
        "node": ">= 4"
      },
      "funding": {
        "url": "https://github.com/fb55/domhandler?sponsor=1"
      }
    },
    "node_modules/domutils": {
      "version": "3.0.1",
      "resolved": "https://artifactory.spectrumtoolbox.com/artifactory/api/npm/npm/domutils/-/domutils-3.0.1.tgz",
      "integrity": "sha1-aWs4dSODOMsYa2wGEr1JAciaTxw=",
      "license": "BSD-2-Clause",
      "dependencies": {
        "dom-serializer": "^2.0.0",
        "domelementtype": "^2.3.0",
        "domhandler": "^5.0.1"
      },
      "funding": {
        "url": "https://github.com/fb55/domutils?sponsor=1"
      }
    },
    "node_modules/editorconfig": {
      "version": "0.15.3",
      "resolved": "https://artifactory.spectrumtoolbox.com/artifactory/api/npm/npm/editorconfig/-/editorconfig-0.15.3.tgz",
      "integrity": "sha1-vvhMTnX7jcsM5c7o79UcFZmb78U=",
      "license": "MIT",
      "dependencies": {
        "commander": "^2.19.0",
        "lru-cache": "^4.1.5",
        "semver": "^5.6.0",
        "sigmund": "^1.0.1"
      },
      "bin": {
        "editorconfig": "bin/editorconfig"
      }
    },
    "node_modules/entities": {
      "version": "4.4.0",
      "resolved": "https://artifactory.spectrumtoolbox.com/artifactory/api/npm/npm/entities/-/entities-4.4.0.tgz",
      "integrity": "sha1-l72roXAzlEZJXmU8/S23iWKQAXQ=",
      "license": "BSD-2-Clause",
      "engines": {
        "node": ">=0.12"
      },
      "funding": {
        "url": "https://github.com/fb55/entities?sponsor=1"
      }
    },
    "node_modules/extend-shallow": {
      "version": "2.0.1",
      "resolved": "https://artifactory.spectrumtoolbox.com/artifactory/api/npm/npm/extend-shallow/-/extend-shallow-2.0.1.tgz",
      "integrity": "sha1-Ua99YUrZqfYQ6huvu5idaxxWiQ8=",
      "license": "MIT",
      "dependencies": {
        "is-extendable": "^0.1.0"
      },
      "engines": {
        "node": ">=0.10.0"
      }
    },
    "node_modules/follow-redirects": {
      "version": "1.15.2",
      "resolved": "https://artifactory.spectrumtoolbox.com/artifactory/api/npm/npm/follow-redirects/-/follow-redirects-1.15.2.tgz",
      "integrity": "sha1-tGCGQUS6Y/JoEJbydMTlcCbaLBM=",
      "funding": [
        {
          "type": "individual",
          "url": "https://github.com/sponsors/RubenVerborgh"
        }
      ],
      "license": "MIT",
      "engines": {
        "node": ">=4.0"
      },
      "peerDependenciesMeta": {
        "debug": {
          "optional": true
        }
      }
    },
    "node_modules/form-data": {
      "version": "4.0.0",
      "resolved": "https://artifactory.spectrumtoolbox.com/artifactory/api/npm/npm/form-data/-/form-data-4.0.0.tgz",
      "integrity": "sha1-k5Gdrq82HuUpWEubMWZNwSyfpFI=",
      "license": "MIT",
      "dependencies": {
        "asynckit": "^0.4.0",
        "combined-stream": "^1.0.8",
        "mime-types": "^2.1.12"
      },
      "engines": {
        "node": ">= 6"
      }
    },
    "node_modules/fs.realpath": {
      "version": "1.0.0",
      "resolved": "https://artifactory.spectrumtoolbox.com/artifactory/api/npm/npm/fs.realpath/-/fs.realpath-1.0.0.tgz",
      "integrity": "sha1-FQStJSMVjKpA20onh8sBQRmU6k8=",
      "license": "ISC"
    },
    "node_modules/glob": {
      "version": "8.0.3",
      "resolved": "https://artifactory.spectrumtoolbox.com/artifactory/api/npm/npm/glob/-/glob-8.0.3.tgz",
      "integrity": "sha1-QVxust7tnlAsaPpEonLm2m7spC4=",
      "license": "ISC",
      "dependencies": {
        "fs.realpath": "^1.0.0",
        "inflight": "^1.0.4",
        "inherits": "2",
        "minimatch": "^5.0.1",
        "once": "^1.3.0"
      },
      "engines": {
        "node": ">=12"
      },
      "funding": {
        "url": "https://github.com/sponsors/isaacs"
      }
    },
    "node_modules/htmlparser2": {
      "version": "8.0.1",
      "resolved": "https://artifactory.spectrumtoolbox.com/artifactory/api/npm/npm/htmlparser2/-/htmlparser2-8.0.1.tgz",
      "integrity": "sha1-q6qYVHT87+JpvHYad5tUTXGW0BA=",
      "funding": [
        "https://github.com/fb55/htmlparser2?sponsor=1",
        {
          "type": "github",
          "url": "https://github.com/sponsors/fb55"
        }
      ],
      "license": "MIT",
      "dependencies": {
        "domelementtype": "^2.3.0",
        "domhandler": "^5.0.2",
        "domutils": "^3.0.1",
        "entities": "^4.3.0"
      }
    },
    "node_modules/inflight": {
      "version": "1.0.6",
      "resolved": "https://artifactory.spectrumtoolbox.com/artifactory/api/npm/npm/inflight/-/inflight-1.0.6.tgz",
      "integrity": "sha1-Sb1jMdfQLQwJvJEKEHW6gWW1bfk=",
      "license": "ISC",
      "dependencies": {
        "once": "^1.3.0",
        "wrappy": "1"
      }
    },
    "node_modules/inherits": {
      "version": "2.0.4",
      "resolved": "https://artifactory.spectrumtoolbox.com/artifactory/api/npm/npm/inherits/-/inherits-2.0.4.tgz",
      "integrity": "sha1-D6LGT5MpF8NDOg3tVTY6rjdBa3w=",
      "license": "ISC"
    },
    "node_modules/ini": {
      "version": "1.3.8",
      "resolved": "https://artifactory.spectrumtoolbox.com/artifactory/api/npm/npm/ini/-/ini-1.3.8.tgz",
      "integrity": "sha1-op2kJbSIBvNHZ6Tvzjlyaa8oQyw=",
      "license": "ISC"
    },
    "node_modules/is-buffer": {
      "version": "1.1.6",
      "resolved": "https://artifactory.spectrumtoolbox.com/artifactory/api/npm/npm/is-buffer/-/is-buffer-1.1.6.tgz",
      "integrity": "sha1-76ouqdqg16suoTqXsritUf776L4=",
      "license": "MIT"
    },
    "node_modules/is-extendable": {
      "version": "0.1.1",
      "resolved": "https://artifactory.spectrumtoolbox.com/artifactory/api/npm/npm/is-extendable/-/is-extendable-0.1.1.tgz",
      "integrity": "sha1-YrEQ4omkcUGOPsNqYX1HLjAd/Ik=",
      "license": "MIT",
      "engines": {
        "node": ">=0.10.0"
      }
    },
    "node_modules/is-whitespace": {
      "version": "0.3.0",
      "resolved": "https://artifactory.spectrumtoolbox.com/artifactory/api/npm/npm/is-whitespace/-/is-whitespace-0.3.0.tgz",
      "integrity": "sha1-Fjnssb4DauxppUy7QBz77XEUq38=",
      "license": "MIT",
      "engines": {
        "node": ">=0.10.0"
      }
    },
    "node_modules/js-beautify": {
      "version": "1.14.7",
      "resolved": "https://artifactory.spectrumtoolbox.com/artifactory/api/npm/npm/js-beautify/-/js-beautify-1.14.7.tgz",
      "integrity": "sha1-kgYpbeM/htwQbT5Qo1t8+HKXA7I=",
      "license": "MIT",
      "dependencies": {
        "config-chain": "^1.1.13",
        "editorconfig": "^0.15.3",
        "glob": "^8.0.3",
        "nopt": "^6.0.0"
      },
      "bin": {
        "css-beautify": "js/bin/css-beautify.js",
        "html-beautify": "js/bin/html-beautify.js",
        "js-beautify": "js/bin/js-beautify.js"
      },
      "engines": {
        "node": ">=10"
      }
    },
    "node_modules/kind-of": {
      "version": "3.2.2",
      "resolved": "https://artifactory.spectrumtoolbox.com/artifactory/api/npm/npm/kind-of/-/kind-of-3.2.2.tgz",
      "integrity": "sha1-MeohpzS6ubuw8yRm2JOupR5KPGQ=",
      "license": "MIT",
      "dependencies": {
        "is-buffer": "^1.1.5"
      },
      "engines": {
        "node": ">=0.10.0"
      }
    },
    "node_modules/lru-cache": {
      "version": "4.1.5",
      "resolved": "https://artifactory.spectrumtoolbox.com/artifactory/api/npm/npm/lru-cache/-/lru-cache-4.1.5.tgz",
      "integrity": "sha1-i75Q6oW+1ZvJ4z3KuCNe6bz0Q80=",
      "license": "ISC",
      "dependencies": {
        "pseudomap": "^1.0.2",
        "yallist": "^2.1.2"
      }
    },
    "node_modules/mime-db": {
      "version": "1.52.0",
      "resolved": "https://artifactory.spectrumtoolbox.com/artifactory/api/npm/npm/mime-db/-/mime-db-1.52.0.tgz",
      "integrity": "sha1-u6vNwChZ9JhzAchW4zh85exDv3A=",
      "license": "MIT",
      "engines": {
        "node": ">= 0.6"
      }
    },
    "node_modules/mime-types": {
      "version": "2.1.35",
      "resolved": "https://artifactory.spectrumtoolbox.com/artifactory/api/npm/npm/mime-types/-/mime-types-2.1.35.tgz",
      "integrity": "sha1-OBqHG2KnNEUGYK497uRIE/cNlZo=",
      "license": "MIT",
      "dependencies": {
        "mime-db": "1.52.0"
      },
      "engines": {
        "node": ">= 0.6"
      }
    },
    "node_modules/minimatch": {
      "version": "5.1.0",
      "resolved": "https://artifactory.spectrumtoolbox.com/artifactory/api/npm/npm/minimatch/-/minimatch-5.1.0.tgz",
      "integrity": "sha1-Fxe0ZPSXGxRPaqvo8tC45FEeCcc=",
      "license": "ISC",
      "dependencies": {
        "brace-expansion": "^2.0.1"
      },
      "engines": {
        "node": ">=10"
      }
    },
    "node_modules/nopt": {
      "version": "6.0.0",
      "resolved": "https://artifactory.spectrumtoolbox.com/artifactory/api/npm/npm/nopt/-/nopt-6.0.0.tgz",
      "integrity": "sha1-JFgB2Ov0CcbfIqudlbZeEwnNsW0=",
      "license": "ISC",
      "dependencies": {
        "abbrev": "^1.0.0"
      },
      "bin": {
        "nopt": "bin/nopt.js"
      },
      "engines": {
        "node": "^12.13.0 || ^14.15.0 || >=16.0.0"
      }
    },
    "node_modules/nth-check": {
      "version": "2.1.1",
      "resolved": "https://artifactory.spectrumtoolbox.com/artifactory/api/npm/npm/nth-check/-/nth-check-2.1.1.tgz",
      "integrity": "sha1-yeq0KO/842zWuSySS9sADvHx7R0=",
      "license": "BSD-2-Clause",
      "dependencies": {
        "boolbase": "^1.0.0"
      },
      "funding": {
        "url": "https://github.com/fb55/nth-check?sponsor=1"
      }
    },
    "node_modules/once": {
      "version": "1.4.0",
      "resolved": "https://artifactory.spectrumtoolbox.com/artifactory/api/npm/npm/once/-/once-1.4.0.tgz",
      "integrity": "sha1-WDsap3WWHUsROsF9nFC6753Xa9E=",
      "license": "ISC",
      "dependencies": {
        "wrappy": "1"
      }
    },
    "node_modules/parse5": {
      "version": "7.1.1",
      "resolved": "https://artifactory.spectrumtoolbox.com/artifactory/api/npm/npm/parse5/-/parse5-7.1.1.tgz",
      "integrity": "sha1-Rkn5QMz7ldh1Tzf3MHjqIK/gx0Y=",
      "license": "MIT",
      "dependencies": {
        "entities": "^4.4.0"
      },
      "funding": {
        "url": "https://github.com/inikulin/parse5?sponsor=1"
      }
    },
    "node_modules/parse5-htmlparser2-tree-adapter": {
      "version": "7.0.0",
      "resolved": "https://artifactory.spectrumtoolbox.com/artifactory/api/npm/npm/parse5-htmlparser2-tree-adapter/-/parse5-htmlparser2-tree-adapter-7.0.0.tgz",
      "integrity": "sha1-I8LMIzvPCbt766i4pp1GsIxiwvE=",
      "license": "MIT",
      "dependencies": {
        "domhandler": "^5.0.2",
        "parse5": "^7.0.0"
      },
      "funding": {
        "url": "https://github.com/inikulin/parse5?sponsor=1"
      }
    },
    "node_modules/pretty": {
      "version": "2.0.0",
      "resolved": "https://artifactory.spectrumtoolbox.com/artifactory/api/npm/npm/pretty/-/pretty-2.0.0.tgz",
      "integrity": "sha1-rbx5YLe7/iiaVX3F9zdhmiINBqU=",
      "license": "MIT",
      "dependencies": {
        "condense-newlines": "^0.2.1",
        "extend-shallow": "^2.0.1",
        "js-beautify": "^1.6.12"
      },
      "engines": {
        "node": ">=0.10.0"
      }
    },
    "node_modules/proto-list": {
      "version": "1.2.4",
      "resolved": "https://artifactory.spectrumtoolbox.com/artifactory/api/npm/npm/proto-list/-/proto-list-1.2.4.tgz",
      "integrity": "sha1-IS1b/hMYMGpCD2QCuOJv85ZHqEk=",
      "license": "ISC"
    },
    "node_modules/proxy-from-env": {
      "version": "1.1.0",
      "resolved": "https://artifactory.spectrumtoolbox.com/artifactory/api/npm/npm/proxy-from-env/-/proxy-from-env-1.1.0.tgz",
      "integrity": "sha1-4QLxbKNVQkhldV0sno6k8k1Yw+I=",
      "license": "MIT"
    },
    "node_modules/pseudomap": {
      "version": "1.0.2",
      "resolved": "https://artifactory.spectrumtoolbox.com/artifactory/api/npm/npm/pseudomap/-/pseudomap-1.0.2.tgz",
      "integrity": "sha1-8FKijacOYYkX7wqKw0wa5aaChrM=",
      "license": "ISC"
    },
    "node_modules/semver": {
      "version": "5.7.1",
      "resolved": "https://artifactory.spectrumtoolbox.com/artifactory/api/npm/npm/semver/-/semver-5.7.1.tgz",
      "integrity": "sha1-qVT5Ma66UI0we78Gnv8MAclhFvc=",
      "license": "ISC",
      "bin": {
        "semver": "bin/semver"
      }
    },
    "node_modules/sigmund": {
      "version": "1.0.1",
      "resolved": "https://artifactory.spectrumtoolbox.com/artifactory/api/npm/npm/sigmund/-/sigmund-1.0.1.tgz",
      "integrity": "sha1-P/IfGYytIXX587eBhT/ZTQ0ZtZA=",
      "license": "ISC"
    },
    "node_modules/wrappy": {
      "version": "1.0.2",
      "resolved": "https://artifactory.spectrumtoolbox.com/artifactory/api/npm/npm/wrappy/-/wrappy-1.0.2.tgz",
      "integrity": "sha1-tSQ9jz7BqjXxNkYFvA0QNuMKtp8=",
      "license": "ISC"
    },
    "node_modules/yallist": {
      "version": "2.1.2",
      "resolved": "https://artifactory.spectrumtoolbox.com/artifactory/api/npm/npm/yallist/-/yallist-2.1.2.tgz",
      "integrity": "sha1-HBH5IY8HYImkfdUS+TxmmaaoHVI=",
      "license": "ISC"
    }
  },
  "dependencies": {
    "abbrev": {
      "version": "1.1.1",
      "resolved": "https://artifactory.spectrumtoolbox.com/artifactory/api/npm/npm/abbrev/-/abbrev-1.1.1.tgz",
      "integrity": "sha1-+PLIh60Qv2f2NPAFtph/7TF5qsg="
    },
    "asynckit": {
      "version": "0.4.0",
      "resolved": "https://artifactory.spectrumtoolbox.com/artifactory/api/npm/npm/asynckit/-/asynckit-0.4.0.tgz",
      "integrity": "sha1-x57Zf380y48robyXkLzDZkdLS3k="
    },
    "axios": {
      "version": "1.1.3",
      "resolved": "https://artifactory.spectrumtoolbox.com/artifactory/api/npm/npm/axios/-/axios-1.1.3.tgz",
      "integrity": "sha1-gnQlDa2i7fU4FO19tkS5woZsHjU=",
      "requires": {
        "follow-redirects": "^1.15.0",
        "form-data": "^4.0.0",
        "proxy-from-env": "^1.1.0"
      }
    },
    "balanced-match": {
      "version": "1.0.2",
      "resolved": "https://artifactory.spectrumtoolbox.com/artifactory/api/npm/npm/balanced-match/-/balanced-match-1.0.2.tgz",
      "integrity": "sha1-6D46fj8wCzTLnYf2FfoMvzV2kO4="
    },
    "boolbase": {
      "version": "1.0.0",
      "resolved": "https://artifactory.spectrumtoolbox.com/artifactory/api/npm/npm/boolbase/-/boolbase-1.0.0.tgz",
      "integrity": "sha1-aN/1++YMUes3cl6p4+0xDcwed24="
    },
    "brace-expansion": {
      "version": "2.0.1",
      "resolved": "https://artifactory.spectrumtoolbox.com/artifactory/api/npm/npm/brace-expansion/-/brace-expansion-2.0.1.tgz",
      "integrity": "sha1-HtxFng8MVISG7Pn8mfIiE2S5oK4=",
      "requires": {
        "balanced-match": "^1.0.0"
      }
    },
    "cheerio": {
      "version": "1.0.0-rc.12",
      "resolved": "https://artifactory.spectrumtoolbox.com/artifactory/api/npm/npm/cheerio/-/cheerio-1.0.0-rc.12.tgz",
      "integrity": "sha1-eIv3RmUGsca/X65R0kosTWLkdoM=",
      "requires": {
        "cheerio-select": "^2.1.0",
        "dom-serializer": "^2.0.0",
        "domhandler": "^5.0.3",
        "domutils": "^3.0.1",
        "htmlparser2": "^8.0.1",
        "parse5": "^7.0.0",
        "parse5-htmlparser2-tree-adapter": "^7.0.0"
      }
    },
    "cheerio-select": {
      "version": "2.1.0",
      "resolved": "https://artifactory.spectrumtoolbox.com/artifactory/api/npm/npm/cheerio-select/-/cheerio-select-2.1.0.tgz",
      "integrity": "sha1-TYZzKGuBJsoqjkJ0DV48SISuIbQ=",
      "requires": {
        "boolbase": "^1.0.0",
        "css-select": "^5.1.0",
        "css-what": "^6.1.0",
        "domelementtype": "^2.3.0",
        "domhandler": "^5.0.3",
        "domutils": "^3.0.1"
      }
    },
    "combined-stream": {
      "version": "1.0.8",
      "resolved": "https://artifactory.spectrumtoolbox.com/artifactory/api/npm/npm/combined-stream/-/combined-stream-1.0.8.tgz",
      "integrity": "sha1-w9RaizT9cwYxoRCoolIGgrMdWn8=",
      "requires": {
        "delayed-stream": "~1.0.0"
      }
    },
    "commander": {
      "version": "2.20.3",
      "resolved": "https://artifactory.spectrumtoolbox.com/artifactory/api/npm/npm/commander/-/commander-2.20.3.tgz",
      "integrity": "sha1-/UhehMA+tIgcIHIrpIA16FMa6zM="
    },
    "condense-newlines": {
      "version": "0.2.1",
      "resolved": "https://artifactory.spectrumtoolbox.com/artifactory/api/npm/npm/condense-newlines/-/condense-newlines-0.2.1.tgz",
      "integrity": "sha1-PemFVTE5R10yUCyDsC9gaE0kxV8=",
      "requires": {
        "extend-shallow": "^2.0.1",
        "is-whitespace": "^0.3.0",
        "kind-of": "^3.0.2"
      }
    },
    "config-chain": {
      "version": "1.1.13",
      "resolved": "https://artifactory.spectrumtoolbox.com/artifactory/api/npm/npm/config-chain/-/config-chain-1.1.13.tgz",
      "integrity": "sha1-+tB5Wqamza/57Rto6d/5Q3LCMvQ=",
      "requires": {
        "ini": "^1.3.4",
        "proto-list": "~1.2.1"
      }
    },
    "css-select": {
      "version": "5.1.0",
      "resolved": "https://artifactory.spectrumtoolbox.com/artifactory/api/npm/npm/css-select/-/css-select-5.1.0.tgz",
      "integrity": "sha1-uOvWVUw2N8zHZoiAStP2pv2uqKY=",
      "requires": {
        "boolbase": "^1.0.0",
        "css-what": "^6.1.0",
        "domhandler": "^5.0.2",
        "domutils": "^3.0.1",
        "nth-check": "^2.0.1"
      }
    },
    "css-what": {
      "version": "6.1.0",
      "resolved": "https://artifactory.spectrumtoolbox.com/artifactory/api/npm/npm/css-what/-/css-what-6.1.0.tgz",
      "integrity": "sha1-+17/z3bx3eosgb36pN5E55uscPQ="
    },
    "delayed-stream": {
      "version": "1.0.0",
      "resolved": "https://artifactory.spectrumtoolbox.com/artifactory/api/npm/npm/delayed-stream/-/delayed-stream-1.0.0.tgz",
      "integrity": "sha1-3zrhmayt+31ECqrgsp4icrJOxhk="
    },
    "dom-serializer": {
      "version": "2.0.0",
      "resolved": "https://artifactory.spectrumtoolbox.com/artifactory/api/npm/npm/dom-serializer/-/dom-serializer-2.0.0.tgz",
      "integrity": "sha1-5BuALh7t+fbK4YPOXmIteJ19jlM=",
      "requires": {
        "domelementtype": "^2.3.0",
        "domhandler": "^5.0.2",
        "entities": "^4.2.0"
      }
    },
    "domelementtype": {
      "version": "2.3.0",
      "resolved": "https://artifactory.spectrumtoolbox.com/artifactory/api/npm/npm/domelementtype/-/domelementtype-2.3.0.tgz",
      "integrity": "sha1-XEXo6GmVJiYzHXqrMm0B2vZdWJ0="
    },
    "domhandler": {
      "version": "5.0.3",
      "resolved": "https://artifactory.spectrumtoolbox.com/artifactory/api/npm/npm/domhandler/-/domhandler-5.0.3.tgz",
      "integrity": "sha1-zDhff3UfHR/GUMITdIBCVFOMfTE=",
      "requires": {
        "domelementtype": "^2.3.0"
      }
    },
    "domutils": {
      "version": "3.0.1",
      "resolved": "https://artifactory.spectrumtoolbox.com/artifactory/api/npm/npm/domutils/-/domutils-3.0.1.tgz",
      "integrity": "sha1-aWs4dSODOMsYa2wGEr1JAciaTxw=",
      "requires": {
        "dom-serializer": "^2.0.0",
        "domelementtype": "^2.3.0",
        "domhandler": "^5.0.1"
      }
    },
    "editorconfig": {
      "version": "0.15.3",
      "resolved": "https://artifactory.spectrumtoolbox.com/artifactory/api/npm/npm/editorconfig/-/editorconfig-0.15.3.tgz",
      "integrity": "sha1-vvhMTnX7jcsM5c7o79UcFZmb78U=",
      "requires": {
        "commander": "^2.19.0",
        "lru-cache": "^4.1.5",
        "semver": "^5.6.0",
        "sigmund": "^1.0.1"
      }
    },
    "entities": {
      "version": "4.4.0",
      "resolved": "https://artifactory.spectrumtoolbox.com/artifactory/api/npm/npm/entities/-/entities-4.4.0.tgz",
      "integrity": "sha1-l72roXAzlEZJXmU8/S23iWKQAXQ="
    },
    "extend-shallow": {
      "version": "2.0.1",
      "resolved": "https://artifactory.spectrumtoolbox.com/artifactory/api/npm/npm/extend-shallow/-/extend-shallow-2.0.1.tgz",
      "integrity": "sha1-Ua99YUrZqfYQ6huvu5idaxxWiQ8=",
      "requires": {
        "is-extendable": "^0.1.0"
      }
    },
    "follow-redirects": {
      "version": "1.15.2",
      "resolved": "https://artifactory.spectrumtoolbox.com/artifactory/api/npm/npm/follow-redirects/-/follow-redirects-1.15.2.tgz",
      "integrity": "sha1-tGCGQUS6Y/JoEJbydMTlcCbaLBM="
    },
    "form-data": {
      "version": "4.0.0",
      "resolved": "https://artifactory.spectrumtoolbox.com/artifactory/api/npm/npm/form-data/-/form-data-4.0.0.tgz",
      "integrity": "sha1-k5Gdrq82HuUpWEubMWZNwSyfpFI=",
      "requires": {
        "asynckit": "^0.4.0",
        "combined-stream": "^1.0.8",
        "mime-types": "^2.1.12"
      }
    },
    "fs.realpath": {
      "version": "1.0.0",
      "resolved": "https://artifactory.spectrumtoolbox.com/artifactory/api/npm/npm/fs.realpath/-/fs.realpath-1.0.0.tgz",
      "integrity": "sha1-FQStJSMVjKpA20onh8sBQRmU6k8="
    },
    "glob": {
      "version": "8.0.3",
      "resolved": "https://artifactory.spectrumtoolbox.com/artifactory/api/npm/npm/glob/-/glob-8.0.3.tgz",
      "integrity": "sha1-QVxust7tnlAsaPpEonLm2m7spC4=",
      "requires": {
        "fs.realpath": "^1.0.0",
        "inflight": "^1.0.4",
        "inherits": "2",
        "minimatch": "^5.0.1",
        "once": "^1.3.0"
      }
    },
    "htmlparser2": {
      "version": "8.0.1",
      "resolved": "https://artifactory.spectrumtoolbox.com/artifactory/api/npm/npm/htmlparser2/-/htmlparser2-8.0.1.tgz",
      "integrity": "sha1-q6qYVHT87+JpvHYad5tUTXGW0BA=",
      "requires": {
        "domelementtype": "^2.3.0",
        "domhandler": "^5.0.2",
        "domutils": "^3.0.1",
        "entities": "^4.3.0"
      }
    },
    "inflight": {
      "version": "1.0.6",
      "resolved": "https://artifactory.spectrumtoolbox.com/artifactory/api/npm/npm/inflight/-/inflight-1.0.6.tgz",
      "integrity": "sha1-Sb1jMdfQLQwJvJEKEHW6gWW1bfk=",
      "requires": {
        "once": "^1.3.0",
        "wrappy": "1"
      }
    },
    "inherits": {
      "version": "2.0.4",
      "resolved": "https://artifactory.spectrumtoolbox.com/artifactory/api/npm/npm/inherits/-/inherits-2.0.4.tgz",
      "integrity": "sha1-D6LGT5MpF8NDOg3tVTY6rjdBa3w="
    },
    "ini": {
      "version": "1.3.8",
      "resolved": "https://artifactory.spectrumtoolbox.com/artifactory/api/npm/npm/ini/-/ini-1.3.8.tgz",
      "integrity": "sha1-op2kJbSIBvNHZ6Tvzjlyaa8oQyw="
    },
    "is-buffer": {
      "version": "1.1.6",
      "resolved": "https://artifactory.spectrumtoolbox.com/artifactory/api/npm/npm/is-buffer/-/is-buffer-1.1.6.tgz",
      "integrity": "sha1-76ouqdqg16suoTqXsritUf776L4="
    },
    "is-extendable": {
      "version": "0.1.1",
      "resolved": "https://artifactory.spectrumtoolbox.com/artifactory/api/npm/npm/is-extendable/-/is-extendable-0.1.1.tgz",
      "integrity": "sha1-YrEQ4omkcUGOPsNqYX1HLjAd/Ik="
    },
    "is-whitespace": {
      "version": "0.3.0",
      "resolved": "https://artifactory.spectrumtoolbox.com/artifactory/api/npm/npm/is-whitespace/-/is-whitespace-0.3.0.tgz",
      "integrity": "sha1-Fjnssb4DauxppUy7QBz77XEUq38="
    },
    "js-beautify": {
      "version": "1.14.7",
      "resolved": "https://artifactory.spectrumtoolbox.com/artifactory/api/npm/npm/js-beautify/-/js-beautify-1.14.7.tgz",
      "integrity": "sha1-kgYpbeM/htwQbT5Qo1t8+HKXA7I=",
      "requires": {
        "config-chain": "^1.1.13",
        "editorconfig": "^0.15.3",
        "glob": "^8.0.3",
        "nopt": "^6.0.0"
      }
    },
    "kind-of": {
      "version": "3.2.2",
      "resolved": "https://artifactory.spectrumtoolbox.com/artifactory/api/npm/npm/kind-of/-/kind-of-3.2.2.tgz",
      "integrity": "sha1-MeohpzS6ubuw8yRm2JOupR5KPGQ=",
      "requires": {
        "is-buffer": "^1.1.5"
      }
    },
    "lru-cache": {
      "version": "4.1.5",
      "resolved": "https://artifactory.spectrumtoolbox.com/artifactory/api/npm/npm/lru-cache/-/lru-cache-4.1.5.tgz",
      "integrity": "sha1-i75Q6oW+1ZvJ4z3KuCNe6bz0Q80=",
      "requires": {
        "pseudomap": "^1.0.2",
        "yallist": "^2.1.2"
      }
    },
    "mime-db": {
      "version": "1.52.0",
      "resolved": "https://artifactory.spectrumtoolbox.com/artifactory/api/npm/npm/mime-db/-/mime-db-1.52.0.tgz",
      "integrity": "sha1-u6vNwChZ9JhzAchW4zh85exDv3A="
    },
    "mime-types": {
      "version": "2.1.35",
      "resolved": "https://artifactory.spectrumtoolbox.com/artifactory/api/npm/npm/mime-types/-/mime-types-2.1.35.tgz",
      "integrity": "sha1-OBqHG2KnNEUGYK497uRIE/cNlZo=",
      "requires": {
        "mime-db": "1.52.0"
      }
    },
    "minimatch": {
      "version": "5.1.0",
      "resolved": "https://artifactory.spectrumtoolbox.com/artifactory/api/npm/npm/minimatch/-/minimatch-5.1.0.tgz",
      "integrity": "sha1-Fxe0ZPSXGxRPaqvo8tC45FEeCcc=",
      "requires": {
        "brace-expansion": "^2.0.1"
      }
    },
    "nopt": {
      "version": "6.0.0",
      "resolved": "https://artifactory.spectrumtoolbox.com/artifactory/api/npm/npm/nopt/-/nopt-6.0.0.tgz",
      "integrity": "sha1-JFgB2Ov0CcbfIqudlbZeEwnNsW0=",
      "requires": {
        "abbrev": "^1.0.0"
      }
    },
    "nth-check": {
      "version": "2.1.1",
      "resolved": "https://artifactory.spectrumtoolbox.com/artifactory/api/npm/npm/nth-check/-/nth-check-2.1.1.tgz",
      "integrity": "sha1-yeq0KO/842zWuSySS9sADvHx7R0=",
      "requires": {
        "boolbase": "^1.0.0"
      }
    },
    "once": {
      "version": "1.4.0",
      "resolved": "https://artifactory.spectrumtoolbox.com/artifactory/api/npm/npm/once/-/once-1.4.0.tgz",
      "integrity": "sha1-WDsap3WWHUsROsF9nFC6753Xa9E=",
      "requires": {
        "wrappy": "1"
      }
    },
    "parse5": {
      "version": "7.1.1",
      "resolved": "https://artifactory.spectrumtoolbox.com/artifactory/api/npm/npm/parse5/-/parse5-7.1.1.tgz",
      "integrity": "sha1-Rkn5QMz7ldh1Tzf3MHjqIK/gx0Y=",
      "requires": {
        "entities": "^4.4.0"
      }
    },
    "parse5-htmlparser2-tree-adapter": {
      "version": "7.0.0",
      "resolved": "https://artifactory.spectrumtoolbox.com/artifactory/api/npm/npm/parse5-htmlparser2-tree-adapter/-/parse5-htmlparser2-tree-adapter-7.0.0.tgz",
      "integrity": "sha1-I8LMIzvPCbt766i4pp1GsIxiwvE=",
      "requires": {
        "domhandler": "^5.0.2",
        "parse5": "^7.0.0"
      }
    },
    "pretty": {
      "version": "2.0.0",
      "resolved": "https://artifactory.spectrumtoolbox.com/artifactory/api/npm/npm/pretty/-/pretty-2.0.0.tgz",
      "integrity": "sha1-rbx5YLe7/iiaVX3F9zdhmiINBqU=",
      "requires": {
        "condense-newlines": "^0.2.1",
        "extend-shallow": "^2.0.1",
        "js-beautify": "^1.6.12"
      }
    },
    "proto-list": {
      "version": "1.2.4",
      "resolved": "https://artifactory.spectrumtoolbox.com/artifactory/api/npm/npm/proto-list/-/proto-list-1.2.4.tgz",
      "integrity": "sha1-IS1b/hMYMGpCD2QCuOJv85ZHqEk="
    },
    "proxy-from-env": {
      "version": "1.1.0",
      "resolved": "https://artifactory.spectrumtoolbox.com/artifactory/api/npm/npm/proxy-from-env/-/proxy-from-env-1.1.0.tgz",
      "integrity": "sha1-4QLxbKNVQkhldV0sno6k8k1Yw+I="
    },
    "pseudomap": {
      "version": "1.0.2",
      "resolved": "https://artifactory.spectrumtoolbox.com/artifactory/api/npm/npm/pseudomap/-/pseudomap-1.0.2.tgz",
      "integrity": "sha1-8FKijacOYYkX7wqKw0wa5aaChrM="
    },
    "semver": {
      "version": "5.7.1",
      "resolved": "https://artifactory.spectrumtoolbox.com/artifactory/api/npm/npm/semver/-/semver-5.7.1.tgz",
      "integrity": "sha1-qVT5Ma66UI0we78Gnv8MAclhFvc="
    },
    "sigmund": {
      "version": "1.0.1",
      "resolved": "https://artifactory.spectrumtoolbox.com/artifactory/api/npm/npm/sigmund/-/sigmund-1.0.1.tgz",
      "integrity": "sha1-P/IfGYytIXX587eBhT/ZTQ0ZtZA="
    },
    "wrappy": {
      "version": "1.0.2",
      "resolved": "https://artifactory.spectrumtoolbox.com/artifactory/api/npm/npm/wrappy/-/wrappy-1.0.2.tgz",
      "integrity": "sha1-tSQ9jz7BqjXxNkYFvA0QNuMKtp8="
    },
    "yallist": {
      "version": "2.1.2",
      "resolved": "https://artifactory.spectrumtoolbox.com/artifactory/api/npm/npm/yallist/-/yallist-2.1.2.tgz",
      "integrity": "sha1-HBH5IY8HYImkfdUS+TxmmaaoHVI="
    }
  }
}
